
Microsoft Visual Studio Solution File, Format Version 12.00
# Visual Studio Version 16
VisualStudioVersion = 16.0.31911.196
MinimumVisualStudioVersion = 10.0.40219.1
Project("{FAE04EC0-301F-11D3-BF4B-00C04F79EFBC}") = "ConsoleApp5", "ConsoleApp5\ConsoleApp5.csproj", "{BAF82AD5-5E54-4F1C-B868-47A55B95D473}"
EndProject
Global
	GlobalSection(SolutionConfigurationPlatforms) = preSolution
		Debug|Any CPU = Debug|Any CPU
		Release|Any CPU = Release|Any CPU
	EndGlobalSection
	GlobalSection(ProjectConfigurationPlatforms) = postSolution
		{BAF82AD5-5E54-4F1C-B868-47A55B95D473}.Debug|Any CPU.ActiveCfg = Debug|Any CPU
		{BAF82AD5-5E54-4F1C-B868-47A55B95D473}.Debug|Any CPU.Build.0 = Debug|Any CPU
		{BAF82AD5-5E54-4F1C-B868-47A55B95D473}.Release|Any CPU.ActiveCfg = Release|Any CPU
		{BAF82AD5-5E54-4F1C-B868-47A55B95D473}.Release|Any CPU.Build.0 = Release|Any CPU
	EndGlobalSection
	GlobalSection(SolutionProperties) = preSolution
		HideSolutionNode = FALSE
	EndGlobalSection
	GlobalSection(ExtensibilityGlobals) = postSolution
		SolutionGuid = {9DDCC0AF-82ED-4A14-9291-21903CCF85E3}
	EndGlobalSection
EndGlobal
