
Microsoft Visual Studio Solution File, Format Version 12.00
# Visual Studio Version 16
VisualStudioVersion = 16.0.31911.196
MinimumVisualStudioVersion = 10.0.40219.1
Project("{FAE04EC0-301F-11D3-BF4B-00C04F79EFBC}") = "ConsoleApp11", "ConsoleApp11\ConsoleApp11.csproj", "{ECA88CFB-4259-4BDB-8A81-4493C6E74809}"
EndProject
Global
	GlobalSection(SolutionConfigurationPlatforms) = preSolution
		Debug|Any CPU = Debug|Any CPU
		Release|Any CPU = Release|Any CPU
	EndGlobalSection
	GlobalSection(ProjectConfigurationPlatforms) = postSolution
		{ECA88CFB-4259-4BDB-8A81-4493C6E74809}.Debug|Any CPU.ActiveCfg = Debug|Any CPU
		{ECA88CFB-4259-4BDB-8A81-4493C6E74809}.Debug|Any CPU.Build.0 = Debug|Any CPU
		{ECA88CFB-4259-4BDB-8A81-4493C6E74809}.Release|Any CPU.ActiveCfg = Release|Any CPU
		{ECA88CFB-4259-4BDB-8A81-4493C6E74809}.Release|Any CPU.Build.0 = Release|Any CPU
	EndGlobalSection
	GlobalSection(SolutionProperties) = preSolution
		HideSolutionNode = FALSE
	EndGlobalSection
	GlobalSection(ExtensibilityGlobals) = postSolution
		SolutionGuid = {A4548F92-A7B0-4218-A165-38A8D3F44815}
	EndGlobalSection
EndGlobal
