
Microsoft Visual Studio Solution File, Format Version 12.00
# Visual Studio Version 16
VisualStudioVersion = 16.0.31911.196
MinimumVisualStudioVersion = 10.0.40219.1
Project("{FAE04EC0-301F-11D3-BF4B-00C04F79EFBC}") = "ConsoleApp6", "ConsoleApp6\ConsoleApp6.csproj", "{1722DC5C-33A6-482B-B6B0-502C2B81509C}"
EndProject
Global
	GlobalSection(SolutionConfigurationPlatforms) = preSolution
		Debug|Any CPU = Debug|Any CPU
		Release|Any CPU = Release|Any CPU
	EndGlobalSection
	GlobalSection(ProjectConfigurationPlatforms) = postSolution
		{1722DC5C-33A6-482B-B6B0-502C2B81509C}.Debug|Any CPU.ActiveCfg = Debug|Any CPU
		{1722DC5C-33A6-482B-B6B0-502C2B81509C}.Debug|Any CPU.Build.0 = Debug|Any CPU
		{1722DC5C-33A6-482B-B6B0-502C2B81509C}.Release|Any CPU.ActiveCfg = Release|Any CPU
		{1722DC5C-33A6-482B-B6B0-502C2B81509C}.Release|Any CPU.Build.0 = Release|Any CPU
	EndGlobalSection
	GlobalSection(SolutionProperties) = preSolution
		HideSolutionNode = FALSE
	EndGlobalSection
	GlobalSection(ExtensibilityGlobals) = postSolution
		SolutionGuid = {B947B18B-062B-4926-9402-B0814A3313FB}
	EndGlobalSection
EndGlobal
